
Microsoft Visual Studio Solution File, Format Version 12.00
# Visual Studio Version 17
VisualStudioVersion = 17.7.34018.315
MinimumVisualStudioVersion = 10.0.40219.1
Project("{9A19103F-16F7-4668-BE54-9A1E7A4F7556}") = "WebApp", "WebApp\WebApp.csproj", "{43CA2940-9033-4112-A3C8-B7A7872B9D23}"
EndProject
Project("{9A19103F-16F7-4668-BE54-9A1E7A4F7556}") = "Bd", "Bd\Bd.csproj", "{ED6FADCE-BB20-498D-B062-B945E491DB52}"
EndProject
Project("{FAE04EC0-301F-11D3-BF4B-00C04F79EFBC}") = "WebApp.Tests", "WebApp.Tests\WebApp.Tests.csproj", "{4F792763-B623-4054-9D4B-373BAD70C067}"
EndProject
Global
	GlobalSection(SolutionConfigurationPlatforms) = preSolution
		Debug|Any CPU = Debug|Any CPU
		Release|Any CPU = Release|Any CPU
	EndGlobalSection
	GlobalSection(ProjectConfigurationPlatforms) = postSolution
		{43CA2940-9033-4112-A3C8-B7A7872B9D23}.Debug|Any CPU.ActiveCfg = Debug|Any CPU
		{43CA2940-9033-4112-A3C8-B7A7872B9D23}.Debug|Any CPU.Build.0 = Debug|Any CPU
		{43CA2940-9033-4112-A3C8-B7A7872B9D23}.Release|Any CPU.ActiveCfg = Release|Any CPU
		{43CA2940-9033-4112-A3C8-B7A7872B9D23}.Release|Any CPU.Build.0 = Release|Any CPU
		{ED6FADCE-BB20-498D-B062-B945E491DB52}.Debug|Any CPU.ActiveCfg = Debug|Any CPU
		{ED6FADCE-BB20-498D-B062-B945E491DB52}.Debug|Any CPU.Build.0 = Debug|Any CPU
		{ED6FADCE-BB20-498D-B062-B945E491DB52}.Release|Any CPU.ActiveCfg = Release|Any CPU
		{ED6FADCE-BB20-498D-B062-B945E491DB52}.Release|Any CPU.Build.0 = Release|Any CPU
		{4F792763-B623-4054-9D4B-373BAD70C067}.Debug|Any CPU.ActiveCfg = Debug|Any CPU
		{4F792763-B623-4054-9D4B-373BAD70C067}.Debug|Any CPU.Build.0 = Debug|Any CPU
		{4F792763-B623-4054-9D4B-373BAD70C067}.Release|Any CPU.ActiveCfg = Release|Any CPU
		{4F792763-B623-4054-9D4B-373BAD70C067}.Release|Any CPU.Build.0 = Release|Any CPU
	EndGlobalSection
	GlobalSection(SolutionProperties) = preSolution
		HideSolutionNode = FALSE
	EndGlobalSection
	GlobalSection(ExtensibilityGlobals) = postSolution
		SolutionGuid = {17EF7B91-B6ED-4330-B6E3-98159C21114A}
	EndGlobalSection
EndGlobal
